
Microsoft Visual Studio Solution File, Format Version 12.00
# Visual Studio 14
VisualStudioVersion = 14.0.25420.1
MinimumVisualStudioVersion = 10.0.40219.1
Project("{2150E333-8FDC-42A3-9474-1A3956D46DE8}") = "src", "src", "{E6CAD1FC-147D-4F90-8E73-A2BC1154B9F5}"
EndProject
Project("{2150E333-8FDC-42A3-9474-1A3956D46DE8}") = "Solution Items", "Solution Items", "{B1673E0E-3C68-4E36-8ABD-BAE687E7DE05}"
	ProjectSection(SolutionItems) = preProject
		global.json = global.json
	EndProjectSection
EndProject
Project("{8BB2217D-0F2D-49D1-97BC-3654ED321F3B}") = "KidSports", "src\KidSports\KidSports.xproj", "{A05FAD74-6668-4D1C-8746-0C4B58594374}"
EndProject
Project("{2150E333-8FDC-42A3-9474-1A3956D46DE8}") = "Test", "Test", "{0011AA30-CA54-4173-860D-284816DB3ADE}"
EndProject
Project("{8BB2217D-0F2D-49D1-97BC-3654ED321F3B}") = "Kidsports.Tests", "Kidsports.Tests\Kidsports.Tests.xproj", "{9E36101C-11E4-48E9-A9E2-C550BF0C01B0}"
EndProject
Global
	GlobalSection(SolutionConfigurationPlatforms) = preSolution
		Debug|Any CPU = Debug|Any CPU
		Release|Any CPU = Release|Any CPU
	EndGlobalSection
	GlobalSection(ProjectConfigurationPlatforms) = postSolution
		{A05FAD74-6668-4D1C-8746-0C4B58594374}.Debug|Any CPU.ActiveCfg = Debug|Any CPU
		{A05FAD74-6668-4D1C-8746-0C4B58594374}.Debug|Any CPU.Build.0 = Debug|Any CPU
		{A05FAD74-6668-4D1C-8746-0C4B58594374}.Release|Any CPU.ActiveCfg = Release|Any CPU
		{A05FAD74-6668-4D1C-8746-0C4B58594374}.Release|Any CPU.Build.0 = Release|Any CPU
		{9E36101C-11E4-48E9-A9E2-C550BF0C01B0}.Debug|Any CPU.ActiveCfg = Debug|Any CPU
		{9E36101C-11E4-48E9-A9E2-C550BF0C01B0}.Debug|Any CPU.Build.0 = Debug|Any CPU
		{9E36101C-11E4-48E9-A9E2-C550BF0C01B0}.Release|Any CPU.ActiveCfg = Release|Any CPU
		{9E36101C-11E4-48E9-A9E2-C550BF0C01B0}.Release|Any CPU.Build.0 = Release|Any CPU
	EndGlobalSection
	GlobalSection(SolutionProperties) = preSolution
		HideSolutionNode = FALSE
	EndGlobalSection
	GlobalSection(NestedProjects) = preSolution
		{A05FAD74-6668-4D1C-8746-0C4B58594374} = {E6CAD1FC-147D-4F90-8E73-A2BC1154B9F5}
		{9E36101C-11E4-48E9-A9E2-C550BF0C01B0} = {0011AA30-CA54-4173-860D-284816DB3ADE}
	EndGlobalSection
EndGlobal
